
Microsoft Visual Studio Solution File, Format Version 12.00
# Visual Studio Version 17
VisualStudioVersion = 17.5.33516.290
MinimumVisualStudioVersion = 10.0.40219.1
Project("{9A19103F-16F7-4668-BE54-9A1E7A4F7556}") = "KinopubApi", "KinopubApi\KinopubApi.csproj", "{84DB87BB-88CC-48CC-8A7A-8C8DC9CACD30}"
EndProject
Project("{9A19103F-16F7-4668-BE54-9A1E7A4F7556}") = "KinopubApi.Tests", "KinopubApi.Tests\KinopubApi.Tests.csproj", "{951C1CDE-848A-4F6A-A04A-018F4BE95543}"
EndProject
Global
	GlobalSection(SolutionConfigurationPlatforms) = preSolution
		Debug|Any CPU = Debug|Any CPU
		Release|Any CPU = Release|Any CPU
	EndGlobalSection
	GlobalSection(ProjectConfigurationPlatforms) = postSolution
		{84DB87BB-88CC-48CC-8A7A-8C8DC9CACD30}.Debug|Any CPU.ActiveCfg = Debug|Any CPU
		{84DB87BB-88CC-48CC-8A7A-8C8DC9CACD30}.Debug|Any CPU.Build.0 = Debug|Any CPU
		{84DB87BB-88CC-48CC-8A7A-8C8DC9CACD30}.Release|Any CPU.ActiveCfg = Release|Any CPU
		{84DB87BB-88CC-48CC-8A7A-8C8DC9CACD30}.Release|Any CPU.Build.0 = Release|Any CPU
		{951C1CDE-848A-4F6A-A04A-018F4BE95543}.Debug|Any CPU.ActiveCfg = Debug|Any CPU
		{951C1CDE-848A-4F6A-A04A-018F4BE95543}.Debug|Any CPU.Build.0 = Debug|Any CPU
		{951C1CDE-848A-4F6A-A04A-018F4BE95543}.Release|Any CPU.ActiveCfg = Release|Any CPU
		{951C1CDE-848A-4F6A-A04A-018F4BE95543}.Release|Any CPU.Build.0 = Release|Any CPU
	EndGlobalSection
	GlobalSection(SolutionProperties) = preSolution
		HideSolutionNode = FALSE
	EndGlobalSection
	GlobalSection(ExtensibilityGlobals) = postSolution
		SolutionGuid = {E67E196C-F98F-4F0A-8C22-0F7041E3C6D6}
	EndGlobalSection
EndGlobal
